// !$*UTF8*$!
{
	archiveVersion = 1;
	classes = {
	};
	objectVersion = 55;
	objects = {

/* Begin PBXBuildFile section */
		98CCD56628F4399B00D1AB75 /* AppDelegate.swift in Sources */ = {isa = PBXBuildFile; fileRef = 98CCD56528F4399B00D1AB75 /* AppDelegate.swift */; };
		98CCD56828F4399B00D1AB75 /* SceneDelegate.swift in Sources */ = {isa = PBXBuildFile; fileRef = 98CCD56728F4399B00D1AB75 /* SceneDelegate.swift */; };
		98CCD56D28F4399B00D1AB75 /* Main.storyboard in Resources */ = {isa = PBXBuildFile; fileRef = 98CCD56B28F4399B00D1AB75 /* Main.storyboard */; };
		98CCD57028F4399B00D1AB75 /* symbol_roller.xcdatamodeld in Sources */ = {isa = PBXBuildFile; fileRef = 98CCD56E28F4399B00D1AB75 /* symbol_roller.xcdatamodeld */; };
		98CCD57228F4399D00D1AB75 /* Assets.xcassets in Resources */ = {isa = PBXBuildFile; fileRef = 98CCD57128F4399D00D1AB75 /* Assets.xcassets */; };
		98CCD57528F4399D00D1AB75 /* LaunchScreen.storyboard in Resources */ = {isa = PBXBuildFile; fileRef = 98CCD57328F4399D00D1AB75 /* LaunchScreen.storyboard */; };
		98CCD57D28F445ED00D1AB75 /* SymbolRollerViewController.swift in Sources */ = {isa = PBXBuildFile; fileRef = 98CCD57C28F445ED00D1AB75 /* SymbolRollerViewController.swift */; };
/* End PBXBuildFile section */

/* Begin PBXFileReference section */
		98CCD56228F4399B00D1AB75 /* symbol_roller.app */ = {isa = PBXFileReference; explicitFileType = wrapper.application; includeInIndex = 0; path = symbol_roller.app; sourceTree = BUILT_PRODUCTS_DIR; };
		98CCD56528F4399B00D1AB75 /* AppDelegate.swift */ = {isa = PBXFileReference; lastKnownFileType = sourcecode.swift; path = AppDelegate.swift; sourceTree = "<group>"; };
		98CCD56728F4399B00D1AB75 /* SceneDelegate.swift */ = {isa = PBXFileReference; lastKnownFileType = sourcecode.swift; path = SceneDelegate.swift; sourceTree = "<group>"; };
		98CCD56C28F4399B00D1AB75 /* Base */ = {isa = PBXFileReference; lastKnownFileType = file.storyboard; name = Base; path = Base.lproj/Main.storyboard; sourceTree = "<group>"; };
		98CCD56F28F4399B00D1AB75 /* symbol_roller.xcdatamodel */ = {isa = PBXFileReference; lastKnownFileType = wrapper.xcdatamodel; path = symbol_roller.xcdatamodel; sourceTree = "<group>"; };
		98CCD57128F4399D00D1AB75 /* Assets.xcassets */ = {isa = PBXFileReference; lastKnownFileType = folder.assetcatalog; path = Assets.xcassets; sourceTree = "<group>"; };
		98CCD57428F4399D00D1AB75 /* Base */ = {isa = PBXFileReference; lastKnownFileType = file.storyboard; name = Base; path = Base.lproj/LaunchScreen.storyboard; sourceTree = "<group>"; };
		98CCD57628F4399D00D1AB75 /* Info.plist */ = {isa = PBXFileReference; lastKnownFileType = text.plist.xml; path = Info.plist; sourceTree = "<group>"; };
		98CCD57C28F445ED00D1AB75 /* SymbolRollerViewController.swift */ = {isa = PBXFileReference; lastKnownFileType = sourcecode.swift; path = SymbolRollerViewController.swift; sourceTree = "<group>"; };
/* End PBXFileReference section */

/* Begin PBXFrameworksBuildPhase section */
		98CCD55F28F4399B00D1AB75 /* Frameworks */ = {
			isa = PBXFrameworksBuildPhase;
			buildActionMask = 2147483647;
			files = (
			);
			runOnlyForDeploymentPostprocessing = 0;
		};
/* End PBXFrameworksBuildPhase section */

/* Begin PBXGroup section */
		98CCD55928F4399B00D1AB75 = {
			isa = PBXGroup;
			children = (
				98CCD56428F4399B00D1AB75 /* symbol_roller */,
				98CCD56328F4399B00D1AB75 /* Products */,
			);
			sourceTree = "<group>";
		};
		98CCD56328F4399B00D1AB75 /* Products */ = {
			isa = PBXGroup;
			children = (
				98CCD56228F4399B00D1AB75 /* symbol_roller.app */,
			);
			name = Products;
			sourceTree = "<group>";
		};
		98CCD56428F4399B00D1AB75 /* symbol_roller */ = {
			isa = PBXGroup;
			children = (
				98CCD56528F4399B00D1AB75 /* AppDelegate.swift */,
				98CCD56728F4399B00D1AB75 /* SceneDelegate.swift */,
				98CCD57C28F445ED00D1AB75 /* SymbolRollerViewController.swift */,
				98CCD56B28F4399B00D1AB75 /* Main.storyboard */,
				98CCD57128F4399D00D1AB75 /* Assets.xcassets */,
				98CCD57328F4399D00D1AB75 /* LaunchScreen.storyboard */,
				98CCD57628F4399D00D1AB75 /* Info.plist */,
				98CCD56E28F4399B00D1AB75 /* symbol_roller.xcdatamodeld */,
			);
			path = symbol_roller;
			sourceTree = "<group>";
		};
/* End PBXGroup section */

/* Begin PBXNativeTarget section */
		98CCD56128F4399B00D1AB75 /* symbol_roller */ = {
			isa = PBXNativeTarget;
			buildConfigurationList = 98CCD57928F4399D00D1AB75 /* Build configuration list for PBXNativeTarget "symbol_roller" */;
			buildPhases = (
				98CCD55E28F4399B00D1AB75 /* Sources */,
				98CCD55F28F4399B00D1AB75 /* Frameworks */,
				98CCD56028F4399B00D1AB75 /* Resources */,
			);
			buildRules = (
			);
			dependencies = (
			);
			name = symbol_roller;
			productName = symbol_roller;
			productReference = 98CCD56228F4399B00D1AB75 /* symbol_roller.app */;
			productType = "com.apple.product-type.application";
		};
/* End PBXNativeTarget section */

/* Begin PBXProject section */
		98CCD55A28F4399B00D1AB75 /* Project object */ = {
			isa = PBXProject;
			attributes = {
				BuildIndependentTargetsInParallel = 1;
				LastSwiftUpdateCheck = 1310;
				LastUpgradeCheck = 1310;
				TargetAttributes = {
					98CCD56128F4399B00D1AB75 = {
						CreatedOnToolsVersion = 13.1;
					};
				};
			};
			buildConfigurationList = 98CCD55D28F4399B00D1AB75 /* Build configuration list for PBXProject "symbol_roller" */;
			compatibilityVersion = "Xcode 13.0";
			developmentRegion = en;
			hasScannedForEncodings = 0;
			knownRegions = (
				en,
				Base,
			);
			mainGroup = 98CCD55928F4399B00D1AB75;
			productRefGroup = 98CCD56328F4399B00D1AB75 /* Products */;
			projectDirPath = "";
			projectRoot = "";
			targets = (
				98CCD56128F4399B00D1AB75 /* symbol_roller */,
			);
		};
/* End PBXProject section */

/* Begin PBXResourcesBuildPhase section */
		98CCD56028F4399B00D1AB75 /* Resources */ = {
			isa = PBXResourcesBuildPhase;
			buildActionMask = 2147483647;
			files = (
				98CCD57528F4399D00D1AB75 /* LaunchScreen.storyboard in Resources */,
				98CCD57228F4399D00D1AB75 /* Assets.xcassets in Resources */,
				98CCD56D28F4399B00D1AB75 /* Main.storyboard in Resources */,
			);
			runOnlyForDeploymentPostprocessing = 0;
		};
/* End PBXResourcesBuildPhase section */

/* Begin PBXSourcesBuildPhase section */
		98CCD55E28F4399B00D1AB75 /* Sources */ = {
			isa = PBXSourcesBuildPhase;
			buildActionMask = 2147483647;
			files = (
				98CCD57D28F445ED00D1AB75 /* SymbolRollerViewController.swift in Sources */,
				98CCD56628F4399B00D1AB75 /* AppDelegate.swift in Sources */,
				98CCD56828F4399B00D1AB75 /* SceneDelegate.swift in Sources */,
				98CCD57028F4399B00D1AB75 /* symbol_roller.xcdatamodeld in Sources */,
			);
			runOnlyForDeploymentPostprocessing = 0;
		};
/* End PBXSourcesBuildPhase section */

/* Begin PBXVariantGroup section */
		98CCD56B28F4399B00D1AB75 /* Main.storyboard */ = {
			isa = PBXVariantGroup;
			children = (
				98CCD56C28F4399B00D1AB75 /* Base */,
			);
			name = Main.storyboard;
			sourceTree = "<group>";
		};
		98CCD57328F4399D00D1AB75 /* LaunchScreen.storyboard */ = {
			isa = PBXVariantGroup;
			children = (
				98CCD57428F4399D00D1AB75 /* Base */,
			);
			name = LaunchScreen.storyboard;
			sourceTree = "<group>";
		};
/* End PBXVariantGroup section */

/* Begin XCBuildConfiguration section */
		98CCD57728F4399D00D1AB75 /* Debug */ = {
			isa = XCBuildConfiguration;
			buildSettings = {
				ALWAYS_SEARCH_USER_PATHS = NO;
				CLANG_ANALYZER_NONNULL = YES;
				CLANG_ANALYZER_NUMBER_OBJECT_CONVERSION = YES_AGGRESSIVE;
				CLANG_CXX_LANGUAGE_STANDARD = "gnu++17";
				CLANG_CXX_LIBRARY = "libc++";
				CLANG_ENABLE_MODULES = YES;
				CLANG_ENABLE_OBJC_ARC = YES;
				CLANG_ENABLE_OBJC_WEAK = YES;
				CLANG_WARN_BLOCK_CAPTURE_AUTORELEASING = YES;
				CLANG_WARN_BOOL_CONVERSION = YES;
				CLANG_WARN_COMMA = YES;
				CLANG_WARN_CONSTANT_CONVERSION = YES;
				CLANG_WARN_DEPRECATED_OBJC_IMPLEMENTATIONS = YES;
				CLANG_WARN_DIRECT_OBJC_ISA_USAGE = YES_ERROR;
				CLANG_WARN_DOCUMENTATION_COMMENTS = YES;
				CLANG_WARN_EMPTY_BODY = YES;
				CLANG_WARN_ENUM_CONVERSION = YES;
				CLANG_WARN_INFINITE_RECURSION = YES;
				CLANG_WARN_INT_CONVERSION = YES;
				CLANG_WARN_NON_LITERAL_NULL_CONVERSION = YES;
				CLANG_WARN_OBJC_IMPLICIT_RETAIN_SELF = YES;
				CLANG_WARN_OBJC_LITERAL_CONVERSION = YES;
				CLANG_WARN_OBJC_ROOT_CLASS = YES_ERROR;
				CLANG_WARN_QUOTED_INCLUDE_IN_FRAMEWORK_HEADER = YES;
				CLANG_WARN_RANGE_LOOP_ANALYSIS = YES;
				CLANG_WARN_STRICT_PROTOTYPES = YES;
				CLANG_WARN_SUSPICIOUS_MOVE = YES;
				CLANG_WARN_UNGUARDED_AVAILABILITY = YES_AGGRESSIVE;
				CLANG_WARN_UNREACHABLE_CODE = YES;
				CLANG_WARN__DUPLICATE_METHOD_MATCH = YES;
				COPY_PHASE_STRIP = NO;
				DEBUG_INFORMATION_FORMAT = dwarf;
				ENABLE_STRICT_OBJC_MSGSEND = YES;
				ENABLE_TESTABILITY = YES;
				GCC_C_LANGUAGE_STANDARD = gnu11;
				GCC_DYNAMIC_NO_PIC = NO;
				GCC_NO_COMMON_BLOCKS = YES;
				GCC_OPTIMIZATION_LEVEL = 0;
				GCC_PREPROCESSOR_DEFINITIONS = (
					"DEBUG=1",
					"$(inherited)",
				);
				GCC_WARN_64_TO_32_BIT_CONVERSION = YES;
				GCC_WARN_ABOUT_RETURN_TYPE = YES_ERROR;
				GCC_WARN_UNDECLARED_SELECTOR = YES;
				GCC_WARN_UNINITIALIZED_AUTOS = YES_AGGRESSIVE;
				GCC_WARN_UNUSED_FUNCTION = YES;
				GCC_WARN_UNUSED_VARIABLE = YES;
				IPHONEOS_DEPLOYMENT_TARGET = 15.0;
				MTL_ENABLE_DEBUG_INFO = INCLUDE_SOURCE;
				MTL_FAST_MATH = YES;
				ONLY_ACTIVE_ARCH = YES;
				SDKROOT = iphoneos;
				SWIFT_ACTIVE_COMPILATION_CONDITIONS = DEBUG;
				SWIFT_OPTIMIZATION_LEVEL = "-Onone";
			};
			name = Debug;
		};
		98CCD57828F4399D00D1AB75 /* Release */ = {
			isa = XCBuildConfiguration;
			buildSettings = {
				ALWAYS_SEARCH_USER_PATHS = NO;
				CLANG_ANALYZER_NONNULL = YES;
				CLANG_ANALYZER_NUMBER_OBJECT_CONVERSION = YES_AGGRESSIVE;
				CLANG_CXX_LANGUAGE_STANDARD = "gnu++17";
				CLANG_CXX_LIBRARY = "libc++";
				CLANG_ENABLE_MODULES = YES;
				CLANG_ENABLE_OBJC_ARC = YES;
				CLANG_ENABLE_OBJC_WEAK = YES;
				CLANG_WARN_BLOCK_CAPTURE_AUTORELEASING = YES;
				CLANG_WARN_BOOL_CONVERSION = YES;
				CLANG_WARN_COMMA = YES;
				CLANG_WARN_CONSTANT_CONVERSION = YES;
				CLANG_WARN_DEPRECATED_OBJC_IMPLEMENTATIONS = YES;
				CLANG_WARN_DIRECT_OBJC_ISA_USAGE = YES_ERROR;
				CLANG_WARN_DOCUMENTATION_COMMENTS = YES;
				CLANG_WARN_EMPTY_BODY = YES;
				CLANG_WARN_ENUM_CONVERSION = YES;
				CLANG_WARN_INFINITE_RECURSION = YES;
				CLANG_WARN_INT_CONVERSION = YES;
				CLANG_WARN_NON_LITERAL_NULL_CONVERSION = YES;
				CLANG_WARN_OBJC_IMPLICIT_RETAIN_SELF = YES;
				CLANG_WARN_OBJC_LITERAL_CONVERSION = YES;
				CLANG_WARN_OBJC_ROOT_CLASS = YES_ERROR;
				CLANG_WARN_QUOTED_INCLUDE_IN_FRAMEWORK_HEADER = YES;
				CLANG_WARN_RANGE_LOOP_ANALYSIS = YES;
				CLANG_WARN_STRICT_PROTOTYPES = YES;
				CLANG_WARN_SUSPICIOUS_MOVE = YES;
				CLANG_WARN_UNGUARDED_AVAILABILITY = YES_AGGRESSIVE;
				CLANG_WARN_UNREACHABLE_CODE = YES;
				CLANG_WARN__DUPLICATE_METHOD_MATCH = YES;
				COPY_PHASE_STRIP = NO;
				DEBUG_INFORMATION_FORMAT = "dwarf-with-dsym";
				ENABLE_NS_ASSERTIONS = NO;
				ENABLE_STRICT_OBJC_MSGSEND = YES;
				GCC_C_LANGUAGE_STANDARD = gnu11;
				GCC_NO_COMMON_BLOCKS = YES;
				GCC_WARN_64_TO_32_BIT_CONVERSION = YES;
				GCC_WARN_ABOUT_RETURN_TYPE = YES_ERROR;
				GCC_WARN_UNDECLARED_SELECTOR = YES;
				GCC_WARN_UNINITIALIZED_AUTOS = YES_AGGRESSIVE;
				GCC_WARN_UNUSED_FUNCTION = YES;
				GCC_WARN_UNUSED_VARIABLE = YES;
				IPHONEOS_DEPLOYMENT_TARGET = 15.0;
				MTL_ENABLE_DEBUG_INFO = NO;
				MTL_FAST_MATH = YES;
				SDKROOT = iphoneos;
				SWIFT_COMPILATION_MODE = wholemodule;
				SWIFT_OPTIMIZATION_LEVEL = "-O";
				VALIDATE_PRODUCT = YES;
			};
			name = Release;
		};
		98CCD57A28F4399D00D1AB75 /* Debug */ = {
			isa = XCBuildConfiguration;
			buildSettings = {
				ASSETCATALOG_COMPILER_APPICON_NAME = AppIcon;
				ASSETCATALOG_COMPILER_GLOBAL_ACCENT_COLOR_NAME = AccentColor;
				CODE_SIGN_STYLE = Automatic;
				CURRENT_PROJECT_VERSION = 1;
				DEVELOPMENT_TEAM = XQ6KCM9DYF;
				GENERATE_INFOPLIST_FILE = YES;
				INFOPLIST_FILE = symbol_roller/Info.plist;
				INFOPLIST_KEY_UIApplicationSupportsIndirectInputEvents = YES;
				INFOPLIST_KEY_UILaunchStoryboardName = LaunchScreen;
				INFOPLIST_KEY_UIMainStoryboardFile = Main;
				INFOPLIST_KEY_UISupportedInterfaceOrientations_iPad = "UIInterfaceOrientationPortrait UIInterfaceOrientationPortraitUpsideDown UIInterfaceOrientationLandscapeLeft UIInterfaceOrientationLandscapeRight";
				INFOPLIST_KEY_UISupportedInterfaceOrientations_iPhone = "UIInterfaceOrientationPortrait UIInterfaceOrientationLandscapeLeft UIInterfaceOrientationLandscapeRight";
				LD_RUNPATH_SEARCH_PATHS = (
					"$(inherited)",
					"@executable_path/Frameworks",
				);
				MARKETING_VERSION = 1.0;
				PRODUCT_BUNDLE_IDENTIFIER = "com.Bruno.symbol-roller";
				PRODUCT_NAME = "$(TARGET_NAME)";
				SWIFT_EMIT_LOC_STRINGS = YES;
				SWIFT_VERSION = 5.0;
				TARGETED_DEVICE_FAMILY = "1,2";
			};
			name = Debug;
		};
		98CCD57B28F4399D00D1AB75 /* Release */ = {
			isa = XCBuildConfiguration;
			buildSettings = {
				ASSETCATALOG_COMPILER_APPICON_NAME = AppIcon;
				ASSETCATALOG_COMPILER_GLOBAL_ACCENT_COLOR_NAME = AccentColor;
				CODE_SIGN_STYLE = Automatic;
				CURRENT_PROJECT_VERSION = 1;
				DEVELOPMENT_TEAM = XQ6KCM9DYF;
				GENERATE_INFOPLIST_FILE = YES;
				INFOPLIST_FILE = symbol_roller/Info.plist;
				INFOPLIST_KEY_UIApplicationSupportsIndirectInputEvents = YES;
				INFOPLIST_KEY_UILaunchStoryboardName = LaunchScreen;
				INFOPLIST_KEY_UIMainStoryboardFile = Main;
				INFOPLIST_KEY_UISupportedInterfaceOrientations_iPad = "UIInterfaceOrientationPortrait UIInterfaceOrientationPortraitUpsideDown UIInterfaceOrientationLandscapeLeft UIInterfaceOrientationLandscapeRight";
				INFOPLIST_KEY_UISupportedInterfaceOrientations_iPhone = "UIInterfaceOrientationPortrait UIInterfaceOrientationLandscapeLeft UIInterfaceOrientationLandscapeRight";
				LD_RUNPATH_SEARCH_PATHS = (
					"$(inherited)",
					"@executable_path/Frameworks",
				);
				MARKETING_VERSION = 1.0;
				PRODUCT_BUNDLE_IDENTIFIER = "com.Bruno.symbol-roller";
				PRODUCT_NAME = "$(TARGET_NAME)";
				SWIFT_EMIT_LOC_STRINGS = YES;
				SWIFT_VERSION = 5.0;
				TARGETED_DEVICE_FAMILY = "1,2";
			};
			name = Release;
		};
/* End XCBuildConfiguration section */

/* Begin XCConfigurationList section */
		98CCD55D28F4399B00D1AB75 /* Build configuration list for PBXProject "symbol_roller" */ = {
			isa = XCConfigurationList;
			buildConfigurations = (
				98CCD57728F4399D00D1AB75 /* Debug */,
				98CCD57828F4399D00D1AB75 /* Release */,
			);
			defaultConfigurationIsVisible = 0;
			defaultConfigurationName = Release;
		};
		98CCD57928F4399D00D1AB75 /* Build configuration list for PBXNativeTarget "symbol_roller" */ = {
			isa = XCConfigurationList;
			buildConfigurations = (
				98CCD57A28F4399D00D1AB75 /* Debug */,
				98CCD57B28F4399D00D1AB75 /* Release */,
			);
			defaultConfigurationIsVisible = 0;
			defaultConfigurationName = Release;
		};
/* End XCConfigurationList section */

/* Begin XCVersionGroup section */
		98CCD56E28F4399B00D1AB75 /* symbol_roller.xcdatamodeld */ = {
			isa = XCVersionGroup;
			children = (
				98CCD56F28F4399B00D1AB75 /* symbol_roller.xcdatamodel */,
			);
			currentVersion = 98CCD56F28F4399B00D1AB75 /* symbol_roller.xcdatamodel */;
			path = symbol_roller.xcdatamodeld;
			sourceTree = "<group>";
			versionGroupType = wrapper.xcdatamodel;
		};
/* End XCVersionGroup section */
	};
	rootObject = 98CCD55A28F4399B00D1AB75 /* Project object */;
}
