// !$*UTF8*$!
{
	archiveVersion = 1;
	classes = {
	};
	objectVersion = 55;
	objects = {

/* Begin PBXBuildFile section */
		9887D037292B5D2D00FA829A /* AppDelegate.swift in Sources */ = {isa = PBXBuildFile; fileRef = 9887D036292B5D2D00FA829A /* AppDelegate.swift */; };
		9887D039292B5D2D00FA829A /* SceneDelegate.swift in Sources */ = {isa = PBXBuildFile; fileRef = 9887D038292B5D2D00FA829A /* SceneDelegate.swift */; };
		9887D03E292B5D2D00FA829A /* Main.storyboard in Resources */ = {isa = PBXBuildFile; fileRef = 9887D03C292B5D2D00FA829A /* Main.storyboard */; };
		9887D041292B5D2D00FA829A /* apptool_modal_transportation.xcdatamodeld in Sources */ = {isa = PBXBuildFile; fileRef = 9887D03F292B5D2D00FA829A /* apptool_modal_transportation.xcdatamodeld */; };
		9887D043292B5D2F00FA829A /* Assets.xcassets in Resources */ = {isa = PBXBuildFile; fileRef = 9887D042292B5D2F00FA829A /* Assets.xcassets */; };
		9887D046292B5D2F00FA829A /* LaunchScreen.storyboard in Resources */ = {isa = PBXBuildFile; fileRef = 9887D044292B5D2F00FA829A /* LaunchScreen.storyboard */; };
		9887D04E292B5D4B00FA829A /* TransportationModel.swift in Sources */ = {isa = PBXBuildFile; fileRef = 9887D04D292B5D4B00FA829A /* TransportationModel.swift */; };
		9887D050292B5DF400FA829A /* TransportationViewController.swift in Sources */ = {isa = PBXBuildFile; fileRef = 9887D04F292B5DF400FA829A /* TransportationViewController.swift */; };
		9887D052292E0ED500FA829A /* TransCollectionViewCell.swift in Sources */ = {isa = PBXBuildFile; fileRef = 9887D051292E0ED500FA829A /* TransCollectionViewCell.swift */; };
		9887D054292F36CA00FA829A /* Detail.storyboard in Resources */ = {isa = PBXBuildFile; fileRef = 9887D053292F36CA00FA829A /* Detail.storyboard */; };
		9887D056292F36EF00FA829A /* TransportationUrlViewController.swift in Sources */ = {isa = PBXBuildFile; fileRef = 9887D055292F36EF00FA829A /* TransportationUrlViewController.swift */; };
/* End PBXBuildFile section */

/* Begin PBXFileReference section */
		9887D033292B5D2D00FA829A /* apptool_modal_transportation.app */ = {isa = PBXFileReference; explicitFileType = wrapper.application; includeInIndex = 0; path = apptool_modal_transportation.app; sourceTree = BUILT_PRODUCTS_DIR; };
		9887D036292B5D2D00FA829A /* AppDelegate.swift */ = {isa = PBXFileReference; lastKnownFileType = sourcecode.swift; path = AppDelegate.swift; sourceTree = "<group>"; };
		9887D038292B5D2D00FA829A /* SceneDelegate.swift */ = {isa = PBXFileReference; lastKnownFileType = sourcecode.swift; path = SceneDelegate.swift; sourceTree = "<group>"; };
		9887D03D292B5D2D00FA829A /* Base */ = {isa = PBXFileReference; lastKnownFileType = file.storyboard; name = Base; path = Base.lproj/Main.storyboard; sourceTree = "<group>"; };
		9887D040292B5D2D00FA829A /* apptool_modal_transportation.xcdatamodel */ = {isa = PBXFileReference; lastKnownFileType = wrapper.xcdatamodel; path = apptool_modal_transportation.xcdatamodel; sourceTree = "<group>"; };
		9887D042292B5D2F00FA829A /* Assets.xcassets */ = {isa = PBXFileReference; lastKnownFileType = folder.assetcatalog; path = Assets.xcassets; sourceTree = "<group>"; };
		9887D045292B5D2F00FA829A /* Base */ = {isa = PBXFileReference; lastKnownFileType = file.storyboard; name = Base; path = Base.lproj/LaunchScreen.storyboard; sourceTree = "<group>"; };
		9887D047292B5D2F00FA829A /* Info.plist */ = {isa = PBXFileReference; lastKnownFileType = text.plist.xml; path = Info.plist; sourceTree = "<group>"; };
		9887D04D292B5D4B00FA829A /* TransportationModel.swift */ = {isa = PBXFileReference; lastKnownFileType = sourcecode.swift; path = TransportationModel.swift; sourceTree = "<group>"; };
		9887D04F292B5DF400FA829A /* TransportationViewController.swift */ = {isa = PBXFileReference; lastKnownFileType = sourcecode.swift; path = TransportationViewController.swift; sourceTree = "<group>"; };
		9887D051292E0ED500FA829A /* TransCollectionViewCell.swift */ = {isa = PBXFileReference; lastKnownFileType = sourcecode.swift; path = TransCollectionViewCell.swift; sourceTree = "<group>"; };
		9887D053292F36CA00FA829A /* Detail.storyboard */ = {isa = PBXFileReference; lastKnownFileType = file.storyboard; path = Detail.storyboard; sourceTree = "<group>"; };
		9887D055292F36EF00FA829A /* TransportationUrlViewController.swift */ = {isa = PBXFileReference; lastKnownFileType = sourcecode.swift; path = TransportationUrlViewController.swift; sourceTree = "<group>"; };
/* End PBXFileReference section */

/* Begin PBXFrameworksBuildPhase section */
		9887D030292B5D2D00FA829A /* Frameworks */ = {
			isa = PBXFrameworksBuildPhase;
			buildActionMask = 2147483647;
			files = (
			);
			runOnlyForDeploymentPostprocessing = 0;
		};
/* End PBXFrameworksBuildPhase section */

/* Begin PBXGroup section */
		9887D02A292B5D2D00FA829A = {
			isa = PBXGroup;
			children = (
				9887D035292B5D2D00FA829A /* apptool_modal_transportation */,
				9887D034292B5D2D00FA829A /* Products */,
			);
			sourceTree = "<group>";
		};
		9887D034292B5D2D00FA829A /* Products */ = {
			isa = PBXGroup;
			children = (
				9887D033292B5D2D00FA829A /* apptool_modal_transportation.app */,
			);
			name = Products;
			sourceTree = "<group>";
		};
		9887D035292B5D2D00FA829A /* apptool_modal_transportation */ = {
			isa = PBXGroup;
			children = (
				9887D036292B5D2D00FA829A /* AppDelegate.swift */,
				9887D038292B5D2D00FA829A /* SceneDelegate.swift */,
				9887D04D292B5D4B00FA829A /* TransportationModel.swift */,
				9887D04F292B5DF400FA829A /* TransportationViewController.swift */,
				9887D055292F36EF00FA829A /* TransportationUrlViewController.swift */,
				9887D051292E0ED500FA829A /* TransCollectionViewCell.swift */,
				9887D03C292B5D2D00FA829A /* Main.storyboard */,
				9887D053292F36CA00FA829A /* Detail.storyboard */,
				9887D042292B5D2F00FA829A /* Assets.xcassets */,
				9887D044292B5D2F00FA829A /* LaunchScreen.storyboard */,
				9887D047292B5D2F00FA829A /* Info.plist */,
				9887D03F292B5D2D00FA829A /* apptool_modal_transportation.xcdatamodeld */,
			);
			path = apptool_modal_transportation;
			sourceTree = "<group>";
		};
/* End PBXGroup section */

/* Begin PBXNativeTarget section */
		9887D032292B5D2D00FA829A /* apptool_modal_transportation */ = {
			isa = PBXNativeTarget;
			buildConfigurationList = 9887D04A292B5D2F00FA829A /* Build configuration list for PBXNativeTarget "apptool_modal_transportation" */;
			buildPhases = (
				9887D02F292B5D2D00FA829A /* Sources */,
				9887D030292B5D2D00FA829A /* Frameworks */,
				9887D031292B5D2D00FA829A /* Resources */,
			);
			buildRules = (
			);
			dependencies = (
			);
			name = apptool_modal_transportation;
			productName = apptool_modal_transportation;
			productReference = 9887D033292B5D2D00FA829A /* apptool_modal_transportation.app */;
			productType = "com.apple.product-type.application";
		};
/* End PBXNativeTarget section */

/* Begin PBXProject section */
		9887D02B292B5D2D00FA829A /* Project object */ = {
			isa = PBXProject;
			attributes = {
				BuildIndependentTargetsInParallel = 1;
				LastSwiftUpdateCheck = 1310;
				LastUpgradeCheck = 1310;
				TargetAttributes = {
					9887D032292B5D2D00FA829A = {
						CreatedOnToolsVersion = 13.1;
					};
				};
			};
			buildConfigurationList = 9887D02E292B5D2D00FA829A /* Build configuration list for PBXProject "apptool_modal_transportation" */;
			compatibilityVersion = "Xcode 13.0";
			developmentRegion = en;
			hasScannedForEncodings = 0;
			knownRegions = (
				en,
				Base,
			);
			mainGroup = 9887D02A292B5D2D00FA829A;
			productRefGroup = 9887D034292B5D2D00FA829A /* Products */;
			projectDirPath = "";
			projectRoot = "";
			targets = (
				9887D032292B5D2D00FA829A /* apptool_modal_transportation */,
			);
		};
/* End PBXProject section */

/* Begin PBXResourcesBuildPhase section */
		9887D031292B5D2D00FA829A /* Resources */ = {
			isa = PBXResourcesBuildPhase;
			buildActionMask = 2147483647;
			files = (
				9887D046292B5D2F00FA829A /* LaunchScreen.storyboard in Resources */,
				9887D043292B5D2F00FA829A /* Assets.xcassets in Resources */,
				9887D03E292B5D2D00FA829A /* Main.storyboard in Resources */,
				9887D054292F36CA00FA829A /* Detail.storyboard in Resources */,
			);
			runOnlyForDeploymentPostprocessing = 0;
		};
/* End PBXResourcesBuildPhase section */

/* Begin PBXSourcesBuildPhase section */
		9887D02F292B5D2D00FA829A /* Sources */ = {
			isa = PBXSourcesBuildPhase;
			buildActionMask = 2147483647;
			files = (
				9887D037292B5D2D00FA829A /* AppDelegate.swift in Sources */,
				9887D052292E0ED500FA829A /* TransCollectionViewCell.swift in Sources */,
				9887D056292F36EF00FA829A /* TransportationUrlViewController.swift in Sources */,
				9887D039292B5D2D00FA829A /* SceneDelegate.swift in Sources */,
				9887D041292B5D2D00FA829A /* apptool_modal_transportation.xcdatamodeld in Sources */,
				9887D050292B5DF400FA829A /* TransportationViewController.swift in Sources */,
				9887D04E292B5D4B00FA829A /* TransportationModel.swift in Sources */,
			);
			runOnlyForDeploymentPostprocessing = 0;
		};
/* End PBXSourcesBuildPhase section */

/* Begin PBXVariantGroup section */
		9887D03C292B5D2D00FA829A /* Main.storyboard */ = {
			isa = PBXVariantGroup;
			children = (
				9887D03D292B5D2D00FA829A /* Base */,
			);
			name = Main.storyboard;
			sourceTree = "<group>";
		};
		9887D044292B5D2F00FA829A /* LaunchScreen.storyboard */ = {
			isa = PBXVariantGroup;
			children = (
				9887D045292B5D2F00FA829A /* Base */,
			);
			name = LaunchScreen.storyboard;
			sourceTree = "<group>";
		};
/* End PBXVariantGroup section */

/* Begin XCBuildConfiguration section */
		9887D048292B5D2F00FA829A /* Debug */ = {
			isa = XCBuildConfiguration;
			buildSettings = {
				ALWAYS_SEARCH_USER_PATHS = NO;
				CLANG_ANALYZER_NONNULL = YES;
				CLANG_ANALYZER_NUMBER_OBJECT_CONVERSION = YES_AGGRESSIVE;
				CLANG_CXX_LANGUAGE_STANDARD = "gnu++17";
				CLANG_CXX_LIBRARY = "libc++";
				CLANG_ENABLE_MODULES = YES;
				CLANG_ENABLE_OBJC_ARC = YES;
				CLANG_ENABLE_OBJC_WEAK = YES;
				CLANG_WARN_BLOCK_CAPTURE_AUTORELEASING = YES;
				CLANG_WARN_BOOL_CONVERSION = YES;
				CLANG_WARN_COMMA = YES;
				CLANG_WARN_CONSTANT_CONVERSION = YES;
				CLANG_WARN_DEPRECATED_OBJC_IMPLEMENTATIONS = YES;
				CLANG_WARN_DIRECT_OBJC_ISA_USAGE = YES_ERROR;
				CLANG_WARN_DOCUMENTATION_COMMENTS = YES;
				CLANG_WARN_EMPTY_BODY = YES;
				CLANG_WARN_ENUM_CONVERSION = YES;
				CLANG_WARN_INFINITE_RECURSION = YES;
				CLANG_WARN_INT_CONVERSION = YES;
				CLANG_WARN_NON_LITERAL_NULL_CONVERSION = YES;
				CLANG_WARN_OBJC_IMPLICIT_RETAIN_SELF = YES;
				CLANG_WARN_OBJC_LITERAL_CONVERSION = YES;
				CLANG_WARN_OBJC_ROOT_CLASS = YES_ERROR;
				CLANG_WARN_QUOTED_INCLUDE_IN_FRAMEWORK_HEADER = YES;
				CLANG_WARN_RANGE_LOOP_ANALYSIS = YES;
				CLANG_WARN_STRICT_PROTOTYPES = YES;
				CLANG_WARN_SUSPICIOUS_MOVE = YES;
				CLANG_WARN_UNGUARDED_AVAILABILITY = YES_AGGRESSIVE;
				CLANG_WARN_UNREACHABLE_CODE = YES;
				CLANG_WARN__DUPLICATE_METHOD_MATCH = YES;
				COPY_PHASE_STRIP = NO;
				DEBUG_INFORMATION_FORMAT = dwarf;
				ENABLE_STRICT_OBJC_MSGSEND = YES;
				ENABLE_TESTABILITY = YES;
				GCC_C_LANGUAGE_STANDARD = gnu11;
				GCC_DYNAMIC_NO_PIC = NO;
				GCC_NO_COMMON_BLOCKS = YES;
				GCC_OPTIMIZATION_LEVEL = 0;
				GCC_PREPROCESSOR_DEFINITIONS = (
					"DEBUG=1",
					"$(inherited)",
				);
				GCC_WARN_64_TO_32_BIT_CONVERSION = YES;
				GCC_WARN_ABOUT_RETURN_TYPE = YES_ERROR;
				GCC_WARN_UNDECLARED_SELECTOR = YES;
				GCC_WARN_UNINITIALIZED_AUTOS = YES_AGGRESSIVE;
				GCC_WARN_UNUSED_FUNCTION = YES;
				GCC_WARN_UNUSED_VARIABLE = YES;
				IPHONEOS_DEPLOYMENT_TARGET = 15.0;
				MTL_ENABLE_DEBUG_INFO = INCLUDE_SOURCE;
				MTL_FAST_MATH = YES;
				ONLY_ACTIVE_ARCH = YES;
				SDKROOT = iphoneos;
				SWIFT_ACTIVE_COMPILATION_CONDITIONS = DEBUG;
				SWIFT_OPTIMIZATION_LEVEL = "-Onone";
			};
			name = Debug;
		};
		9887D049292B5D2F00FA829A /* Release */ = {
			isa = XCBuildConfiguration;
			buildSettings = {
				ALWAYS_SEARCH_USER_PATHS = NO;
				CLANG_ANALYZER_NONNULL = YES;
				CLANG_ANALYZER_NUMBER_OBJECT_CONVERSION = YES_AGGRESSIVE;
				CLANG_CXX_LANGUAGE_STANDARD = "gnu++17";
				CLANG_CXX_LIBRARY = "libc++";
				CLANG_ENABLE_MODULES = YES;
				CLANG_ENABLE_OBJC_ARC = YES;
				CLANG_ENABLE_OBJC_WEAK = YES;
				CLANG_WARN_BLOCK_CAPTURE_AUTORELEASING = YES;
				CLANG_WARN_BOOL_CONVERSION = YES;
				CLANG_WARN_COMMA = YES;
				CLANG_WARN_CONSTANT_CONVERSION = YES;
				CLANG_WARN_DEPRECATED_OBJC_IMPLEMENTATIONS = YES;
				CLANG_WARN_DIRECT_OBJC_ISA_USAGE = YES_ERROR;
				CLANG_WARN_DOCUMENTATION_COMMENTS = YES;
				CLANG_WARN_EMPTY_BODY = YES;
				CLANG_WARN_ENUM_CONVERSION = YES;
				CLANG_WARN_INFINITE_RECURSION = YES;
				CLANG_WARN_INT_CONVERSION = YES;
				CLANG_WARN_NON_LITERAL_NULL_CONVERSION = YES;
				CLANG_WARN_OBJC_IMPLICIT_RETAIN_SELF = YES;
				CLANG_WARN_OBJC_LITERAL_CONVERSION = YES;
				CLANG_WARN_OBJC_ROOT_CLASS = YES_ERROR;
				CLANG_WARN_QUOTED_INCLUDE_IN_FRAMEWORK_HEADER = YES;
				CLANG_WARN_RANGE_LOOP_ANALYSIS = YES;
				CLANG_WARN_STRICT_PROTOTYPES = YES;
				CLANG_WARN_SUSPICIOUS_MOVE = YES;
				CLANG_WARN_UNGUARDED_AVAILABILITY = YES_AGGRESSIVE;
				CLANG_WARN_UNREACHABLE_CODE = YES;
				CLANG_WARN__DUPLICATE_METHOD_MATCH = YES;
				COPY_PHASE_STRIP = NO;
				DEBUG_INFORMATION_FORMAT = "dwarf-with-dsym";
				ENABLE_NS_ASSERTIONS = NO;
				ENABLE_STRICT_OBJC_MSGSEND = YES;
				GCC_C_LANGUAGE_STANDARD = gnu11;
				GCC_NO_COMMON_BLOCKS = YES;
				GCC_WARN_64_TO_32_BIT_CONVERSION = YES;
				GCC_WARN_ABOUT_RETURN_TYPE = YES_ERROR;
				GCC_WARN_UNDECLARED_SELECTOR = YES;
				GCC_WARN_UNINITIALIZED_AUTOS = YES_AGGRESSIVE;
				GCC_WARN_UNUSED_FUNCTION = YES;
				GCC_WARN_UNUSED_VARIABLE = YES;
				IPHONEOS_DEPLOYMENT_TARGET = 15.0;
				MTL_ENABLE_DEBUG_INFO = NO;
				MTL_FAST_MATH = YES;
				SDKROOT = iphoneos;
				SWIFT_COMPILATION_MODE = wholemodule;
				SWIFT_OPTIMIZATION_LEVEL = "-O";
				VALIDATE_PRODUCT = YES;
			};
			name = Release;
		};
		9887D04B292B5D2F00FA829A /* Debug */ = {
			isa = XCBuildConfiguration;
			buildSettings = {
				ASSETCATALOG_COMPILER_APPICON_NAME = AppIcon;
				ASSETCATALOG_COMPILER_GLOBAL_ACCENT_COLOR_NAME = AccentColor;
				CODE_SIGN_STYLE = Automatic;
				CURRENT_PROJECT_VERSION = 1;
				DEVELOPMENT_TEAM = XQ6KCM9DYF;
				GENERATE_INFOPLIST_FILE = YES;
				INFOPLIST_FILE = apptool_modal_transportation/Info.plist;
				INFOPLIST_KEY_UIApplicationSupportsIndirectInputEvents = YES;
				INFOPLIST_KEY_UILaunchStoryboardName = LaunchScreen;
				INFOPLIST_KEY_UIMainStoryboardFile = Main;
				INFOPLIST_KEY_UISupportedInterfaceOrientations_iPad = "UIInterfaceOrientationPortrait UIInterfaceOrientationPortraitUpsideDown UIInterfaceOrientationLandscapeLeft UIInterfaceOrientationLandscapeRight";
				INFOPLIST_KEY_UISupportedInterfaceOrientations_iPhone = "UIInterfaceOrientationPortrait UIInterfaceOrientationLandscapeLeft UIInterfaceOrientationLandscapeRight";
				LD_RUNPATH_SEARCH_PATHS = (
					"$(inherited)",
					"@executable_path/Frameworks",
				);
				MARKETING_VERSION = 1.0;
				PRODUCT_BUNDLE_IDENTIFIER = "com.Bruno.apptool-modal-transportation";
				PRODUCT_NAME = "$(TARGET_NAME)";
				SWIFT_EMIT_LOC_STRINGS = YES;
				SWIFT_VERSION = 5.0;
				TARGETED_DEVICE_FAMILY = "1,2";
			};
			name = Debug;
		};
		9887D04C292B5D2F00FA829A /* Release */ = {
			isa = XCBuildConfiguration;
			buildSettings = {
				ASSETCATALOG_COMPILER_APPICON_NAME = AppIcon;
				ASSETCATALOG_COMPILER_GLOBAL_ACCENT_COLOR_NAME = AccentColor;
				CODE_SIGN_STYLE = Automatic;
				CURRENT_PROJECT_VERSION = 1;
				DEVELOPMENT_TEAM = XQ6KCM9DYF;
				GENERATE_INFOPLIST_FILE = YES;
				INFOPLIST_FILE = apptool_modal_transportation/Info.plist;
				INFOPLIST_KEY_UIApplicationSupportsIndirectInputEvents = YES;
				INFOPLIST_KEY_UILaunchStoryboardName = LaunchScreen;
				INFOPLIST_KEY_UIMainStoryboardFile = Main;
				INFOPLIST_KEY_UISupportedInterfaceOrientations_iPad = "UIInterfaceOrientationPortrait UIInterfaceOrientationPortraitUpsideDown UIInterfaceOrientationLandscapeLeft UIInterfaceOrientationLandscapeRight";
				INFOPLIST_KEY_UISupportedInterfaceOrientations_iPhone = "UIInterfaceOrientationPortrait UIInterfaceOrientationLandscapeLeft UIInterfaceOrientationLandscapeRight";
				LD_RUNPATH_SEARCH_PATHS = (
					"$(inherited)",
					"@executable_path/Frameworks",
				);
				MARKETING_VERSION = 1.0;
				PRODUCT_BUNDLE_IDENTIFIER = "com.Bruno.apptool-modal-transportation";
				PRODUCT_NAME = "$(TARGET_NAME)";
				SWIFT_EMIT_LOC_STRINGS = YES;
				SWIFT_VERSION = 5.0;
				TARGETED_DEVICE_FAMILY = "1,2";
			};
			name = Release;
		};
/* End XCBuildConfiguration section */

/* Begin XCConfigurationList section */
		9887D02E292B5D2D00FA829A /* Build configuration list for PBXProject "apptool_modal_transportation" */ = {
			isa = XCConfigurationList;
			buildConfigurations = (
				9887D048292B5D2F00FA829A /* Debug */,
				9887D049292B5D2F00FA829A /* Release */,
			);
			defaultConfigurationIsVisible = 0;
			defaultConfigurationName = Release;
		};
		9887D04A292B5D2F00FA829A /* Build configuration list for PBXNativeTarget "apptool_modal_transportation" */ = {
			isa = XCConfigurationList;
			buildConfigurations = (
				9887D04B292B5D2F00FA829A /* Debug */,
				9887D04C292B5D2F00FA829A /* Release */,
			);
			defaultConfigurationIsVisible = 0;
			defaultConfigurationName = Release;
		};
/* End XCConfigurationList section */

/* Begin XCVersionGroup section */
		9887D03F292B5D2D00FA829A /* apptool_modal_transportation.xcdatamodeld */ = {
			isa = XCVersionGroup;
			children = (
				9887D040292B5D2D00FA829A /* apptool_modal_transportation.xcdatamodel */,
			);
			currentVersion = 9887D040292B5D2D00FA829A /* apptool_modal_transportation.xcdatamodel */;
			path = apptool_modal_transportation.xcdatamodeld;
			sourceTree = "<group>";
			versionGroupType = wrapper.xcdatamodel;
		};
/* End XCVersionGroup section */
	};
	rootObject = 9887D02B292B5D2D00FA829A /* Project object */;
}
